
Microsoft Visual Studio Solution File, Format Version 12.00
# Visual Studio Version 17
VisualStudioVersion = 17.8.34322.80
MinimumVisualStudioVersion = 10.0.40219.1
Project("{2150E333-8FDC-42A3-9474-1A3956D46DE8}") = "Day01", "Day01", "{A9E5C423-5385-4231-85E1-50918C8B99A2}"
EndProject
Project("{9A19103F-16F7-4668-BE54-9A1E7A4F7556}") = "AdventOfCode23Day01", "AdventOfCode23Day01\AdventOfCode23Day01.csproj", "{B7DB262A-4460-4984-A6B1-E68CF58AB12E}"
EndProject
Project("{2150E333-8FDC-42A3-9474-1A3956D46DE8}") = "Day02", "Day02", "{FC803A85-5914-4ED0-97E9-D22145D4E9A7}"
EndProject
Project("{9A19103F-16F7-4668-BE54-9A1E7A4F7556}") = "AdventOfCode23Day02", "AdventOfCode23Day02\AdventOfCode23Day02.csproj", "{18F4EAB1-7073-4A02-83C6-301801E8739D}"
EndProject
Project("{2150E333-8FDC-42A3-9474-1A3956D46DE8}") = "Day03", "Day03", "{0A1D9AAE-16E7-4485-9EB3-3F9AB997E5EC}"
EndProject
Project("{9A19103F-16F7-4668-BE54-9A1E7A4F7556}") = "AdventOfCode23Day03", "AdventOfCode23Day03\AdventOfCode23Day03.csproj", "{CE3B176A-1B97-4156-9E10-57C0437E3E16}"
EndProject
Project("{2150E333-8FDC-42A3-9474-1A3956D46DE8}") = "Day04", "Day04", "{8CCD97BF-EB7D-48EB-BACC-FE666BF6F685}"
EndProject
Project("{9A19103F-16F7-4668-BE54-9A1E7A4F7556}") = "AdventOfCode23Day04", "AdventOfCode23Day04\AdventOfCode23Day04.csproj", "{416331E6-69EB-4BF1-B3FC-CE5920310B8D}"
EndProject
Project("{2150E333-8FDC-42A3-9474-1A3956D46DE8}") = "Day05", "Day05", "{09B8E8BB-CAE3-470F-9130-9B72B5D53044}"
EndProject
Project("{9A19103F-16F7-4668-BE54-9A1E7A4F7556}") = "AdventOfCode23Day05", "AdventOfCode23Day05\AdventOfCode23Day05.csproj", "{7C6E2356-0E48-488A-8C64-44C076FB3343}"
EndProject
Project("{2150E333-8FDC-42A3-9474-1A3956D46DE8}") = "Day06", "Day06", "{C8F2FA63-FC6B-4717-99CE-4919BF2F027E}"
EndProject
Project("{9A19103F-16F7-4668-BE54-9A1E7A4F7556}") = "AdventOfCode23Day06", "AdventOfCode23Day06\AdventOfCode23Day06.csproj", "{BAD70FE4-B2C6-4753-AFDC-930CE53A64ED}"
EndProject
Project("{2150E333-8FDC-42A3-9474-1A3956D46DE8}") = "Day07", "Day07", "{AD6D0F09-A0B0-44B5-B148-C5ECCF13AB82}"
EndProject
Project("{9A19103F-16F7-4668-BE54-9A1E7A4F7556}") = "AdventOfCode23Day07", "AdventOfCode23Day07\AdventOfCode23Day07.csproj", "{8EB4EDE9-16BE-43DA-8233-7116A3D53533}"
EndProject
Project("{2150E333-8FDC-42A3-9474-1A3956D46DE8}") = "Day08", "Day08", "{5A7DCFA7-AF3C-416F-9EA2-60F5003D74C5}"
EndProject
Project("{9A19103F-16F7-4668-BE54-9A1E7A4F7556}") = "AdventOfCode23Day08", "AdventOfCode23Day08\AdventOfCode23Day08.csproj", "{D748AD2D-C3AC-456D-96A6-C0B1140C3DFF}"
EndProject
Project("{2150E333-8FDC-42A3-9474-1A3956D46DE8}") = "Day09", "Day09", "{63855D90-77D2-495E-8CA7-B01EE3E90AE1}"
EndProject
Project("{9A19103F-16F7-4668-BE54-9A1E7A4F7556}") = "AdventOfCode23Day09", "AdventOfCode23Day09\AdventOfCode23Day09.csproj", "{58354791-0F0C-4FB8-A931-849D64C77FE9}"
EndProject
Project("{2150E333-8FDC-42A3-9474-1A3956D46DE8}") = "Day10", "Day10", "{15B3492D-EDB0-40F0-B254-F0C6216879FC}"
EndProject
Project("{9A19103F-16F7-4668-BE54-9A1E7A4F7556}") = "AdventOfCode23Day10", "AdventOfCode23Day10\AdventOfCode23Day10.csproj", "{31FA511D-0EF7-406F-974F-BF993813A843}"
EndProject
Project("{2150E333-8FDC-42A3-9474-1A3956D46DE8}") = "Day11", "Day11", "{3A58C9F5-6036-4580-87B9-F67EA2A7E78C}"
EndProject
Project("{9A19103F-16F7-4668-BE54-9A1E7A4F7556}") = "AdventOfCode23Day11", "AdventOfCode23Day11\AdventOfCode23Day11.csproj", "{015AC8A1-B90D-4478-83E0-1D702E39FF0E}"
EndProject
Project("{2150E333-8FDC-42A3-9474-1A3956D46DE8}") = "Day12", "Day12", "{4C58E7AA-CB50-400F-A476-986AABCE2328}"
EndProject
Project("{9A19103F-16F7-4668-BE54-9A1E7A4F7556}") = "AdventOfCode23Day12", "AdventOfCode23Day12\AdventOfCode23Day12.csproj", "{F2B85D0A-ED5F-412E-A586-C281B5298D85}"
EndProject
Project("{2150E333-8FDC-42A3-9474-1A3956D46DE8}") = "Day13", "Day13", "{C07A1220-4D90-4D03-A5F2-6B95C66570C0}"
EndProject
Project("{FAE04EC0-301F-11D3-BF4B-00C04F79EFBC}") = "AdventOfCode23Day13", "AdventOfCode23Day13\AdventOfCode23Day13.csproj", "{593909E7-A8D6-4199-950C-F3744EABBF11}"
EndProject
Global
	GlobalSection(SolutionConfigurationPlatforms) = preSolution
		Debug|Any CPU = Debug|Any CPU
		Release|Any CPU = Release|Any CPU
	EndGlobalSection
	GlobalSection(ProjectConfigurationPlatforms) = postSolution
		{B7DB262A-4460-4984-A6B1-E68CF58AB12E}.Debug|Any CPU.ActiveCfg = Debug|Any CPU
		{B7DB262A-4460-4984-A6B1-E68CF58AB12E}.Debug|Any CPU.Build.0 = Debug|Any CPU
		{B7DB262A-4460-4984-A6B1-E68CF58AB12E}.Release|Any CPU.ActiveCfg = Release|Any CPU
		{B7DB262A-4460-4984-A6B1-E68CF58AB12E}.Release|Any CPU.Build.0 = Release|Any CPU
		{18F4EAB1-7073-4A02-83C6-301801E8739D}.Debug|Any CPU.ActiveCfg = Debug|Any CPU
		{18F4EAB1-7073-4A02-83C6-301801E8739D}.Debug|Any CPU.Build.0 = Debug|Any CPU
		{18F4EAB1-7073-4A02-83C6-301801E8739D}.Release|Any CPU.ActiveCfg = Release|Any CPU
		{18F4EAB1-7073-4A02-83C6-301801E8739D}.Release|Any CPU.Build.0 = Release|Any CPU
		{CE3B176A-1B97-4156-9E10-57C0437E3E16}.Debug|Any CPU.ActiveCfg = Debug|Any CPU
		{CE3B176A-1B97-4156-9E10-57C0437E3E16}.Debug|Any CPU.Build.0 = Debug|Any CPU
		{CE3B176A-1B97-4156-9E10-57C0437E3E16}.Release|Any CPU.ActiveCfg = Release|Any CPU
		{CE3B176A-1B97-4156-9E10-57C0437E3E16}.Release|Any CPU.Build.0 = Release|Any CPU
		{416331E6-69EB-4BF1-B3FC-CE5920310B8D}.Debug|Any CPU.ActiveCfg = Debug|Any CPU
		{416331E6-69EB-4BF1-B3FC-CE5920310B8D}.Debug|Any CPU.Build.0 = Debug|Any CPU
		{416331E6-69EB-4BF1-B3FC-CE5920310B8D}.Release|Any CPU.ActiveCfg = Release|Any CPU
		{416331E6-69EB-4BF1-B3FC-CE5920310B8D}.Release|Any CPU.Build.0 = Release|Any CPU
		{7C6E2356-0E48-488A-8C64-44C076FB3343}.Debug|Any CPU.ActiveCfg = Debug|Any CPU
		{7C6E2356-0E48-488A-8C64-44C076FB3343}.Debug|Any CPU.Build.0 = Debug|Any CPU
		{7C6E2356-0E48-488A-8C64-44C076FB3343}.Release|Any CPU.ActiveCfg = Release|Any CPU
		{7C6E2356-0E48-488A-8C64-44C076FB3343}.Release|Any CPU.Build.0 = Release|Any CPU
		{BAD70FE4-B2C6-4753-AFDC-930CE53A64ED}.Debug|Any CPU.ActiveCfg = Debug|Any CPU
		{BAD70FE4-B2C6-4753-AFDC-930CE53A64ED}.Debug|Any CPU.Build.0 = Debug|Any CPU
		{BAD70FE4-B2C6-4753-AFDC-930CE53A64ED}.Release|Any CPU.ActiveCfg = Release|Any CPU
		{BAD70FE4-B2C6-4753-AFDC-930CE53A64ED}.Release|Any CPU.Build.0 = Release|Any CPU
		{8EB4EDE9-16BE-43DA-8233-7116A3D53533}.Debug|Any CPU.ActiveCfg = Debug|Any CPU
		{8EB4EDE9-16BE-43DA-8233-7116A3D53533}.Debug|Any CPU.Build.0 = Debug|Any CPU
		{8EB4EDE9-16BE-43DA-8233-7116A3D53533}.Release|Any CPU.ActiveCfg = Release|Any CPU
		{8EB4EDE9-16BE-43DA-8233-7116A3D53533}.Release|Any CPU.Build.0 = Release|Any CPU
		{D748AD2D-C3AC-456D-96A6-C0B1140C3DFF}.Debug|Any CPU.ActiveCfg = Debug|Any CPU
		{D748AD2D-C3AC-456D-96A6-C0B1140C3DFF}.Debug|Any CPU.Build.0 = Debug|Any CPU
		{D748AD2D-C3AC-456D-96A6-C0B1140C3DFF}.Release|Any CPU.ActiveCfg = Release|Any CPU
		{D748AD2D-C3AC-456D-96A6-C0B1140C3DFF}.Release|Any CPU.Build.0 = Release|Any CPU
		{58354791-0F0C-4FB8-A931-849D64C77FE9}.Debug|Any CPU.ActiveCfg = Debug|Any CPU
		{58354791-0F0C-4FB8-A931-849D64C77FE9}.Debug|Any CPU.Build.0 = Debug|Any CPU
		{58354791-0F0C-4FB8-A931-849D64C77FE9}.Release|Any CPU.ActiveCfg = Release|Any CPU
		{58354791-0F0C-4FB8-A931-849D64C77FE9}.Release|Any CPU.Build.0 = Release|Any CPU
		{31FA511D-0EF7-406F-974F-BF993813A843}.Debug|Any CPU.ActiveCfg = Debug|Any CPU
		{31FA511D-0EF7-406F-974F-BF993813A843}.Debug|Any CPU.Build.0 = Debug|Any CPU
		{31FA511D-0EF7-406F-974F-BF993813A843}.Release|Any CPU.ActiveCfg = Release|Any CPU
		{31FA511D-0EF7-406F-974F-BF993813A843}.Release|Any CPU.Build.0 = Release|Any CPU
		{015AC8A1-B90D-4478-83E0-1D702E39FF0E}.Debug|Any CPU.ActiveCfg = Debug|Any CPU
		{015AC8A1-B90D-4478-83E0-1D702E39FF0E}.Debug|Any CPU.Build.0 = Debug|Any CPU
		{015AC8A1-B90D-4478-83E0-1D702E39FF0E}.Release|Any CPU.ActiveCfg = Release|Any CPU
		{015AC8A1-B90D-4478-83E0-1D702E39FF0E}.Release|Any CPU.Build.0 = Release|Any CPU
		{F2B85D0A-ED5F-412E-A586-C281B5298D85}.Debug|Any CPU.ActiveCfg = Debug|Any CPU
		{F2B85D0A-ED5F-412E-A586-C281B5298D85}.Debug|Any CPU.Build.0 = Debug|Any CPU
		{F2B85D0A-ED5F-412E-A586-C281B5298D85}.Release|Any CPU.ActiveCfg = Release|Any CPU
		{F2B85D0A-ED5F-412E-A586-C281B5298D85}.Release|Any CPU.Build.0 = Release|Any CPU
		{593909E7-A8D6-4199-950C-F3744EABBF11}.Debug|Any CPU.ActiveCfg = Debug|Any CPU
		{593909E7-A8D6-4199-950C-F3744EABBF11}.Debug|Any CPU.Build.0 = Debug|Any CPU
		{593909E7-A8D6-4199-950C-F3744EABBF11}.Release|Any CPU.ActiveCfg = Release|Any CPU
		{593909E7-A8D6-4199-950C-F3744EABBF11}.Release|Any CPU.Build.0 = Release|Any CPU
	EndGlobalSection
	GlobalSection(SolutionProperties) = preSolution
		HideSolutionNode = FALSE
	EndGlobalSection
	GlobalSection(NestedProjects) = preSolution
		{B7DB262A-4460-4984-A6B1-E68CF58AB12E} = {A9E5C423-5385-4231-85E1-50918C8B99A2}
		{18F4EAB1-7073-4A02-83C6-301801E8739D} = {FC803A85-5914-4ED0-97E9-D22145D4E9A7}
		{CE3B176A-1B97-4156-9E10-57C0437E3E16} = {0A1D9AAE-16E7-4485-9EB3-3F9AB997E5EC}
		{416331E6-69EB-4BF1-B3FC-CE5920310B8D} = {8CCD97BF-EB7D-48EB-BACC-FE666BF6F685}
		{7C6E2356-0E48-488A-8C64-44C076FB3343} = {09B8E8BB-CAE3-470F-9130-9B72B5D53044}
		{BAD70FE4-B2C6-4753-AFDC-930CE53A64ED} = {C8F2FA63-FC6B-4717-99CE-4919BF2F027E}
		{8EB4EDE9-16BE-43DA-8233-7116A3D53533} = {AD6D0F09-A0B0-44B5-B148-C5ECCF13AB82}
		{D748AD2D-C3AC-456D-96A6-C0B1140C3DFF} = {5A7DCFA7-AF3C-416F-9EA2-60F5003D74C5}
		{58354791-0F0C-4FB8-A931-849D64C77FE9} = {63855D90-77D2-495E-8CA7-B01EE3E90AE1}
		{31FA511D-0EF7-406F-974F-BF993813A843} = {15B3492D-EDB0-40F0-B254-F0C6216879FC}
		{015AC8A1-B90D-4478-83E0-1D702E39FF0E} = {3A58C9F5-6036-4580-87B9-F67EA2A7E78C}
		{F2B85D0A-ED5F-412E-A586-C281B5298D85} = {4C58E7AA-CB50-400F-A476-986AABCE2328}
		{593909E7-A8D6-4199-950C-F3744EABBF11} = {C07A1220-4D90-4D03-A5F2-6B95C66570C0}
	EndGlobalSection
	GlobalSection(ExtensibilityGlobals) = postSolution
		SolutionGuid = {447E903E-81F5-489C-A7C8-D6D588284695}
	EndGlobalSection
EndGlobal
